
Microsoft Visual Studio Solution File, Format Version 12.00
# Visual Studio Version 16
VisualStudioVersion = 16.0.30413.136
MinimumVisualStudioVersion = 10.0.40219.1
Project("{FAE04EC0-301F-11D3-BF4B-00C04F79EFBC}") = "Lab2_OOP", "Lab2_OOP\Lab2_OOP.csproj", "{75E3460B-08AA-4960-B79C-29F7B92D44D3}"
EndProject
Project("{FAE04EC0-301F-11D3-BF4B-00C04F79EFBC}") = "Lab_OOP_2_SecondTask_Var_3", "Lab_OOP_2_SecondTask_Var_3\Lab_OOP_2_SecondTask_Var_3.csproj", "{7205C8B5-8FF2-4416-BE04-28DC6435D0AE}"
EndProject
Global
	GlobalSection(SolutionConfigurationPlatforms) = preSolution
		Debug|Any CPU = Debug|Any CPU
		Release|Any CPU = Release|Any CPU
	EndGlobalSection
	GlobalSection(ProjectConfigurationPlatforms) = postSolution
		{75E3460B-08AA-4960-B79C-29F7B92D44D3}.Debug|Any CPU.ActiveCfg = Debug|Any CPU
		{75E3460B-08AA-4960-B79C-29F7B92D44D3}.Debug|Any CPU.Build.0 = Debug|Any CPU
		{75E3460B-08AA-4960-B79C-29F7B92D44D3}.Release|Any CPU.ActiveCfg = Release|Any CPU
		{75E3460B-08AA-4960-B79C-29F7B92D44D3}.Release|Any CPU.Build.0 = Release|Any CPU
		{7205C8B5-8FF2-4416-BE04-28DC6435D0AE}.Debug|Any CPU.ActiveCfg = Debug|Any CPU
		{7205C8B5-8FF2-4416-BE04-28DC6435D0AE}.Debug|Any CPU.Build.0 = Debug|Any CPU
		{7205C8B5-8FF2-4416-BE04-28DC6435D0AE}.Release|Any CPU.ActiveCfg = Release|Any CPU
		{7205C8B5-8FF2-4416-BE04-28DC6435D0AE}.Release|Any CPU.Build.0 = Release|Any CPU
	EndGlobalSection
	GlobalSection(SolutionProperties) = preSolution
		HideSolutionNode = FALSE
	EndGlobalSection
	GlobalSection(ExtensibilityGlobals) = postSolution
		SolutionGuid = {8B60FCE2-8946-4CF1-A07B-CC411B4AEC5D}
	EndGlobalSection
EndGlobal
